// !$*UTF8*$!
{
	archiveVersion = 1;
	classes = {
	};
	objectVersion = 50;
	objects = {

/* Begin PBXBuildFile section */
		8789B50A2596927D00E1D778 /* WeatherViewModel.swift in Sources */ = {isa = PBXBuildFile; fileRef = 8789B5092596927D00E1D778 /* WeatherViewModel.swift */; };
		87BCAC2225961CE30024B133 /* AppDelegate.swift in Sources */ = {isa = PBXBuildFile; fileRef = 87BCAC2125961CE30024B133 /* AppDelegate.swift */; };
		87BCAC2925961CE30024B133 /* Main.storyboard in Resources */ = {isa = PBXBuildFile; fileRef = 87BCAC2725961CE30024B133 /* Main.storyboard */; };
		87BCAC2B25961CE40024B133 /* Assets.xcassets in Resources */ = {isa = PBXBuildFile; fileRef = 87BCAC2A25961CE40024B133 /* Assets.xcassets */; };
		87BCAC2E25961CE40024B133 /* LaunchScreen.storyboard in Resources */ = {isa = PBXBuildFile; fileRef = 87BCAC2C25961CE40024B133 /* LaunchScreen.storyboard */; };
		87BCAC3925961CE40024B133 /* WeatherApplicationTests.swift in Sources */ = {isa = PBXBuildFile; fileRef = 87BCAC3825961CE40024B133 /* WeatherApplicationTests.swift */; };
		87BCAC4425961CE40024B133 /* WeatherApplicationUITests.swift in Sources */ = {isa = PBXBuildFile; fileRef = 87BCAC4325961CE40024B133 /* WeatherApplicationUITests.swift */; };
		87BCAC68259640F00024B133 /* WeatherInfo.swift in Sources */ = {isa = PBXBuildFile; fileRef = 87BCAC67259640F00024B133 /* WeatherInfo.swift */; };
		87BCAC72259641750024B133 /* DataEncodingStrategy.swift in Sources */ = {isa = PBXBuildFile; fileRef = 87BCAC71259641750024B133 /* DataEncodingStrategy.swift */; };
		87BCAC7A259641B40024B133 /* UrlConfig.swift in Sources */ = {isa = PBXBuildFile; fileRef = 87BCAC79259641B40024B133 /* UrlConfig.swift */; };
		87BCACC1259643400024B133 /* SceneDelegate.swift in Sources */ = {isa = PBXBuildFile; fileRef = 87BCACC0259643400024B133 /* SceneDelegate.swift */; };
		87BCACC9259644F30024B133 /* RootViewController.swift in Sources */ = {isa = PBXBuildFile; fileRef = 87BCACC8259644F30024B133 /* RootViewController.swift */; };
		87CA3EDA2596B2A20092A616 /* Location.swift in Sources */ = {isa = PBXBuildFile; fileRef = 87CA3ED92596B2A20092A616 /* Location.swift */; };
		87CA3EE42596B3300092A616 /* UIImage+Extension.swift in Sources */ = {isa = PBXBuildFile; fileRef = 87CA3EE32596B3300092A616 /* UIImage+Extension.swift */; };
		87CA3EEE2596B5960092A616 /* WeatherViewController.swift in Sources */ = {isa = PBXBuildFile; fileRef = 87CA3EED2596B5960092A616 /* WeatherViewController.swift */; };
		87FEBF312596B17600060101 /* WeatherDataManager.swift in Sources */ = {isa = PBXBuildFile; fileRef = 87FEBF302596B17600060101 /* WeatherDataManager.swift */; };
/* End PBXBuildFile section */

/* Begin PBXContainerItemProxy section */
		87BCAC3525961CE40024B133 /* PBXContainerItemProxy */ = {
			isa = PBXContainerItemProxy;
			containerPortal = 87BCAC1625961CE30024B133 /* Project object */;
			proxyType = 1;
			remoteGlobalIDString = 87BCAC1D25961CE30024B133;
			remoteInfo = WeatherApplication;
		};
		87BCAC4025961CE40024B133 /* PBXContainerItemProxy */ = {
			isa = PBXContainerItemProxy;
			containerPortal = 87BCAC1625961CE30024B133 /* Project object */;
			proxyType = 1;
			remoteGlobalIDString = 87BCAC1D25961CE30024B133;
			remoteInfo = WeatherApplication;
		};
/* End PBXContainerItemProxy section */

/* Begin PBXFileReference section */
		8789B5092596927D00E1D778 /* WeatherViewModel.swift */ = {isa = PBXFileReference; lastKnownFileType = sourcecode.swift; path = WeatherViewModel.swift; sourceTree = "<group>"; };
		87BCAC1E25961CE30024B133 /* WeatherApplication.app */ = {isa = PBXFileReference; explicitFileType = wrapper.application; includeInIndex = 0; path = WeatherApplication.app; sourceTree = BUILT_PRODUCTS_DIR; };
		87BCAC2125961CE30024B133 /* AppDelegate.swift */ = {isa = PBXFileReference; lastKnownFileType = sourcecode.swift; path = AppDelegate.swift; sourceTree = "<group>"; };
		87BCAC2825961CE30024B133 /* Base */ = {isa = PBXFileReference; lastKnownFileType = file.storyboard; name = Base; path = Base.lproj/Main.storyboard; sourceTree = "<group>"; };
		87BCAC2A25961CE40024B133 /* Assets.xcassets */ = {isa = PBXFileReference; lastKnownFileType = folder.assetcatalog; path = Assets.xcassets; sourceTree = "<group>"; };
		87BCAC2D25961CE40024B133 /* Base */ = {isa = PBXFileReference; lastKnownFileType = file.storyboard; name = Base; path = Base.lproj/LaunchScreen.storyboard; sourceTree = "<group>"; };
		87BCAC2F25961CE40024B133 /* Info.plist */ = {isa = PBXFileReference; lastKnownFileType = text.plist.xml; path = Info.plist; sourceTree = "<group>"; };
		87BCAC3425961CE40024B133 /* WeatherApplicationTests.xctest */ = {isa = PBXFileReference; explicitFileType = wrapper.cfbundle; includeInIndex = 0; path = WeatherApplicationTests.xctest; sourceTree = BUILT_PRODUCTS_DIR; };
		87BCAC3825961CE40024B133 /* WeatherApplicationTests.swift */ = {isa = PBXFileReference; lastKnownFileType = sourcecode.swift; path = WeatherApplicationTests.swift; sourceTree = "<group>"; };
		87BCAC3A25961CE40024B133 /* Info.plist */ = {isa = PBXFileReference; lastKnownFileType = text.plist.xml; path = Info.plist; sourceTree = "<group>"; };
		87BCAC3F25961CE40024B133 /* WeatherApplicationUITests.xctest */ = {isa = PBXFileReference; explicitFileType = wrapper.cfbundle; includeInIndex = 0; path = WeatherApplicationUITests.xctest; sourceTree = BUILT_PRODUCTS_DIR; };
		87BCAC4325961CE40024B133 /* WeatherApplicationUITests.swift */ = {isa = PBXFileReference; lastKnownFileType = sourcecode.swift; path = WeatherApplicationUITests.swift; sourceTree = "<group>"; };
		87BCAC4525961CE40024B133 /* Info.plist */ = {isa = PBXFileReference; lastKnownFileType = text.plist.xml; path = Info.plist; sourceTree = "<group>"; };
		87BCAC67259640F00024B133 /* WeatherInfo.swift */ = {isa = PBXFileReference; lastKnownFileType = sourcecode.swift; path = WeatherInfo.swift; sourceTree = "<group>"; };
		87BCAC71259641750024B133 /* DataEncodingStrategy.swift */ = {isa = PBXFileReference; lastKnownFileType = sourcecode.swift; path = DataEncodingStrategy.swift; sourceTree = "<group>"; };
		87BCAC79259641B40024B133 /* UrlConfig.swift */ = {isa = PBXFileReference; lastKnownFileType = sourcecode.swift; path = UrlConfig.swift; sourceTree = "<group>"; };
		87BCACC0259643400024B133 /* SceneDelegate.swift */ = {isa = PBXFileReference; lastKnownFileType = sourcecode.swift; path = SceneDelegate.swift; sourceTree = "<group>"; };
		87BCACC8259644F30024B133 /* RootViewController.swift */ = {isa = PBXFileReference; lastKnownFileType = sourcecode.swift; path = RootViewController.swift; sourceTree = "<group>"; };
		87CA3ED92596B2A20092A616 /* Location.swift */ = {isa = PBXFileReference; lastKnownFileType = sourcecode.swift; path = Location.swift; sourceTree = "<group>"; };
		87CA3EE32596B3300092A616 /* UIImage+Extension.swift */ = {isa = PBXFileReference; lastKnownFileType = sourcecode.swift; path = "UIImage+Extension.swift"; sourceTree = "<group>"; };
		87CA3EED2596B5960092A616 /* WeatherViewController.swift */ = {isa = PBXFileReference; lastKnownFileType = sourcecode.swift; path = WeatherViewController.swift; sourceTree = "<group>"; };
		87FEBF302596B17600060101 /* WeatherDataManager.swift */ = {isa = PBXFileReference; lastKnownFileType = sourcecode.swift; path = WeatherDataManager.swift; sourceTree = "<group>"; };
/* End PBXFileReference section */

/* Begin PBXFrameworksBuildPhase section */
		87BCAC1B25961CE30024B133 /* Frameworks */ = {
			isa = PBXFrameworksBuildPhase;
			buildActionMask = 2147483647;
			files = (
			);
			runOnlyForDeploymentPostprocessing = 0;
		};
		87BCAC3125961CE40024B133 /* Frameworks */ = {
			isa = PBXFrameworksBuildPhase;
			buildActionMask = 2147483647;
			files = (
			);
			runOnlyForDeploymentPostprocessing = 0;
		};
		87BCAC3C25961CE40024B133 /* Frameworks */ = {
			isa = PBXFrameworksBuildPhase;
			buildActionMask = 2147483647;
			files = (
			);
			runOnlyForDeploymentPostprocessing = 0;
		};
/* End PBXFrameworksBuildPhase section */

/* Begin PBXGroup section */
		87BCAC1525961CE30024B133 = {
			isa = PBXGroup;
			children = (
				87BCAC2025961CE30024B133 /* WeatherApplication */,
				87BCAC3725961CE40024B133 /* WeatherApplicationTests */,
				87BCAC4225961CE40024B133 /* WeatherApplicationUITests */,
				87BCAC1F25961CE30024B133 /* Products */,
			);
			sourceTree = "<group>";
		};
		87BCAC1F25961CE30024B133 /* Products */ = {
			isa = PBXGroup;
			children = (
				87BCAC1E25961CE30024B133 /* WeatherApplication.app */,
				87BCAC3425961CE40024B133 /* WeatherApplicationTests.xctest */,
				87BCAC3F25961CE40024B133 /* WeatherApplicationUITests.xctest */,
			);
			name = Products;
			sourceTree = "<group>";
		};
		87BCAC2025961CE30024B133 /* WeatherApplication */ = {
			isa = PBXGroup;
			children = (
				87CA3EE22596B3080092A616 /* Utils */,
				87FEBF2F2596B15900060101 /*  Manager */,
				87BCAC702596415D0024B133 /* Supporting Files */,
				87BCAC5D259640870024B133 /* Networking */,
				87BCAC59259640210024B133 /* Storyboards */,
				87BCAC582596400F0024B133 /* Logic */,
				87BCAC2A25961CE40024B133 /* Assets.xcassets */,
				87BCAC2F25961CE40024B133 /* Info.plist */,
			);
			path = WeatherApplication;
			sourceTree = "<group>";
		};
		87BCAC3725961CE40024B133 /* WeatherApplicationTests */ = {
			isa = PBXGroup;
			children = (
				87BCAC3825961CE40024B133 /* WeatherApplicationTests.swift */,
				87BCAC3A25961CE40024B133 /* Info.plist */,
			);
			path = WeatherApplicationTests;
			sourceTree = "<group>";
		};
		87BCAC4225961CE40024B133 /* WeatherApplicationUITests */ = {
			isa = PBXGroup;
			children = (
				87BCAC4325961CE40024B133 /* WeatherApplicationUITests.swift */,
				87BCAC4525961CE40024B133 /* Info.plist */,
			);
			path = WeatherApplicationUITests;
			sourceTree = "<group>";
		};
		87BCAC582596400F0024B133 /* Logic */ = {
			isa = PBXGroup;
			children = (
				87CA3EEC2596B3690092A616 /* Controllers */,
				87CA3EEB2596B35E0092A616 /* ViewModels */,
				87CA3ED82596B2920092A616 /* Models */,
			);
			path = Logic;
			sourceTree = "<group>";
		};
		87BCAC59259640210024B133 /* Storyboards */ = {
			isa = PBXGroup;
			children = (
				87BCAC2725961CE30024B133 /* Main.storyboard */,
				87BCAC2C25961CE40024B133 /* LaunchScreen.storyboard */,
			);
			path = Storyboards;
			sourceTree = "<group>";
		};
		87BCAC5D259640870024B133 /* Networking */ = {
			isa = PBXGroup;
			children = (
			);
			path = Networking;
			sourceTree = "<group>";
		};
		87BCAC702596415D0024B133 /* Supporting Files */ = {
			isa = PBXGroup;
			children = (
				87BCACC0259643400024B133 /* SceneDelegate.swift */,
				87BCAC2125961CE30024B133 /* AppDelegate.swift */,
			);
			path = "Supporting Files";
			sourceTree = "<group>";
		};
		87CA3ED82596B2920092A616 /* Models */ = {
			isa = PBXGroup;
			children = (
				87BCAC67259640F00024B133 /* WeatherInfo.swift */,
				87CA3ED92596B2A20092A616 /* Location.swift */,
			);
			path = Models;
			sourceTree = "<group>";
		};
		87CA3EE22596B3080092A616 /* Utils */ = {
			isa = PBXGroup;
			children = (
				87BCAC79259641B40024B133 /* UrlConfig.swift */,
				87BCAC71259641750024B133 /* DataEncodingStrategy.swift */,
				87CA3EE32596B3300092A616 /* UIImage+Extension.swift */,
			);
			path = Utils;
			sourceTree = "<group>";
		};
		87CA3EEB2596B35E0092A616 /* ViewModels */ = {
			isa = PBXGroup;
			children = (
				8789B5092596927D00E1D778 /* WeatherViewModel.swift */,
			);
			path = ViewModels;
			sourceTree = "<group>";
		};
		87CA3EEC2596B3690092A616 /* Controllers */ = {
			isa = PBXGroup;
			children = (
				87BCACC8259644F30024B133 /* RootViewController.swift */,
				87CA3EED2596B5960092A616 /* WeatherViewController.swift */,
			);
			path = Controllers;
			sourceTree = "<group>";
		};
		87FEBF2F2596B15900060101 /*  Manager */ = {
			isa = PBXGroup;
			children = (
				87FEBF302596B17600060101 /* WeatherDataManager.swift */,
			);
			path = " Manager";
			sourceTree = "<group>";
		};
/* End PBXGroup section */

/* Begin PBXNativeTarget section */
		87BCAC1D25961CE30024B133 /* WeatherApplication */ = {
			isa = PBXNativeTarget;
			buildConfigurationList = 87BCAC4825961CE40024B133 /* Build configuration list for PBXNativeTarget "WeatherApplication" */;
			buildPhases = (
				87BCAC1A25961CE30024B133 /* Sources */,
				87BCAC1B25961CE30024B133 /* Frameworks */,
				87BCAC1C25961CE30024B133 /* Resources */,
			);
			buildRules = (
			);
			dependencies = (
			);
			name = WeatherApplication;
			productName = WeatherApplication;
			productReference = 87BCAC1E25961CE30024B133 /* WeatherApplication.app */;
			productType = "com.apple.product-type.application";
		};
		87BCAC3325961CE40024B133 /* WeatherApplicationTests */ = {
			isa = PBXNativeTarget;
			buildConfigurationList = 87BCAC4B25961CE40024B133 /* Build configuration list for PBXNativeTarget "WeatherApplicationTests" */;
			buildPhases = (
				87BCAC3025961CE40024B133 /* Sources */,
				87BCAC3125961CE40024B133 /* Frameworks */,
				87BCAC3225961CE40024B133 /* Resources */,
			);
			buildRules = (
			);
			dependencies = (
				87BCAC3625961CE40024B133 /* PBXTargetDependency */,
			);
			name = WeatherApplicationTests;
			productName = WeatherApplicationTests;
			productReference = 87BCAC3425961CE40024B133 /* WeatherApplicationTests.xctest */;
			productType = "com.apple.product-type.bundle.unit-test";
		};
		87BCAC3E25961CE40024B133 /* WeatherApplicationUITests */ = {
			isa = PBXNativeTarget;
			buildConfigurationList = 87BCAC4E25961CE40024B133 /* Build configuration list for PBXNativeTarget "WeatherApplicationUITests" */;
			buildPhases = (
				87BCAC3B25961CE40024B133 /* Sources */,
				87BCAC3C25961CE40024B133 /* Frameworks */,
				87BCAC3D25961CE40024B133 /* Resources */,
			);
			buildRules = (
			);
			dependencies = (
				87BCAC4125961CE40024B133 /* PBXTargetDependency */,
			);
			name = WeatherApplicationUITests;
			productName = WeatherApplicationUITests;
			productReference = 87BCAC3F25961CE40024B133 /* WeatherApplicationUITests.xctest */;
			productType = "com.apple.product-type.bundle.ui-testing";
		};
/* End PBXNativeTarget section */

/* Begin PBXProject section */
		87BCAC1625961CE30024B133 /* Project object */ = {
			isa = PBXProject;
			attributes = {
				LastSwiftUpdateCheck = 1200;
				LastUpgradeCheck = 1200;
				TargetAttributes = {
					87BCAC1D25961CE30024B133 = {
						CreatedOnToolsVersion = 12.0.1;
					};
					87BCAC3325961CE40024B133 = {
						CreatedOnToolsVersion = 12.0.1;
						TestTargetID = 87BCAC1D25961CE30024B133;
					};
					87BCAC3E25961CE40024B133 = {
						CreatedOnToolsVersion = 12.0.1;
						TestTargetID = 87BCAC1D25961CE30024B133;
					};
				};
			};
			buildConfigurationList = 87BCAC1925961CE30024B133 /* Build configuration list for PBXProject "WeatherApplication" */;
			compatibilityVersion = "Xcode 9.3";
			developmentRegion = en;
			hasScannedForEncodings = 0;
			knownRegions = (
				en,
				Base,
			);
			mainGroup = 87BCAC1525961CE30024B133;
			productRefGroup = 87BCAC1F25961CE30024B133 /* Products */;
			projectDirPath = "";
			projectRoot = "";
			targets = (
				87BCAC1D25961CE30024B133 /* WeatherApplication */,
				87BCAC3325961CE40024B133 /* WeatherApplicationTests */,
				87BCAC3E25961CE40024B133 /* WeatherApplicationUITests */,
			);
		};
/* End PBXProject section */

/* Begin PBXResourcesBuildPhase section */
		87BCAC1C25961CE30024B133 /* Resources */ = {
			isa = PBXResourcesBuildPhase;
			buildActionMask = 2147483647;
			files = (
				87BCAC2E25961CE40024B133 /* LaunchScreen.storyboard in Resources */,
				87BCAC2B25961CE40024B133 /* Assets.xcassets in Resources */,
				87BCAC2925961CE30024B133 /* Main.storyboard in Resources */,
			);
			runOnlyForDeploymentPostprocessing = 0;
		};
		87BCAC3225961CE40024B133 /* Resources */ = {
			isa = PBXResourcesBuildPhase;
			buildActionMask = 2147483647;
			files = (
			);
			runOnlyForDeploymentPostprocessing = 0;
		};
		87BCAC3D25961CE40024B133 /* Resources */ = {
			isa = PBXResourcesBuildPhase;
			buildActionMask = 2147483647;
			files = (
			);
			runOnlyForDeploymentPostprocessing = 0;
		};
/* End PBXResourcesBuildPhase section */

/* Begin PBXSourcesBuildPhase section */
		87BCAC1A25961CE30024B133 /* Sources */ = {
			isa = PBXSourcesBuildPhase;
			buildActionMask = 2147483647;
			files = (
				87BCACC1259643400024B133 /* SceneDelegate.swift in Sources */,
				87BCAC72259641750024B133 /* DataEncodingStrategy.swift in Sources */,
				87BCAC2225961CE30024B133 /* AppDelegate.swift in Sources */,
				87BCACC9259644F30024B133 /* RootViewController.swift in Sources */,
				87CA3EDA2596B2A20092A616 /* Location.swift in Sources */,
				8789B50A2596927D00E1D778 /* WeatherViewModel.swift in Sources */,
				87FEBF312596B17600060101 /* WeatherDataManager.swift in Sources */,
				87CA3EE42596B3300092A616 /* UIImage+Extension.swift in Sources */,
				87BCAC68259640F00024B133 /* WeatherInfo.swift in Sources */,
				87BCAC7A259641B40024B133 /* UrlConfig.swift in Sources */,
				87CA3EEE2596B5960092A616 /* WeatherViewController.swift in Sources */,
			);
			runOnlyForDeploymentPostprocessing = 0;
		};
		87BCAC3025961CE40024B133 /* Sources */ = {
			isa = PBXSourcesBuildPhase;
			buildActionMask = 2147483647;
			files = (
				87BCAC3925961CE40024B133 /* WeatherApplicationTests.swift in Sources */,
			);
			runOnlyForDeploymentPostprocessing = 0;
		};
		87BCAC3B25961CE40024B133 /* Sources */ = {
			isa = PBXSourcesBuildPhase;
			buildActionMask = 2147483647;
			files = (
				87BCAC4425961CE40024B133 /* WeatherApplicationUITests.swift in Sources */,
			);
			runOnlyForDeploymentPostprocessing = 0;
		};
/* End PBXSourcesBuildPhase section */

/* Begin PBXTargetDependency section */
		87BCAC3625961CE40024B133 /* PBXTargetDependency */ = {
			isa = PBXTargetDependency;
			target = 87BCAC1D25961CE30024B133 /* WeatherApplication */;
			targetProxy = 87BCAC3525961CE40024B133 /* PBXContainerItemProxy */;
		};
		87BCAC4125961CE40024B133 /* PBXTargetDependency */ = {
			isa = PBXTargetDependency;
			target = 87BCAC1D25961CE30024B133 /* WeatherApplication */;
			targetProxy = 87BCAC4025961CE40024B133 /* PBXContainerItemProxy */;
		};
/* End PBXTargetDependency section */

/* Begin PBXVariantGroup section */
		87BCAC2725961CE30024B133 /* Main.storyboard */ = {
			isa = PBXVariantGroup;
			children = (
				87BCAC2825961CE30024B133 /* Base */,
			);
			name = Main.storyboard;
			sourceTree = "<group>";
		};
		87BCAC2C25961CE40024B133 /* LaunchScreen.storyboard */ = {
			isa = PBXVariantGroup;
			children = (
				87BCAC2D25961CE40024B133 /* Base */,
			);
			name = LaunchScreen.storyboard;
			sourceTree = "<group>";
		};
/* End PBXVariantGroup section */

/* Begin XCBuildConfiguration section */
		87BCAC4625961CE40024B133 /* Debug */ = {
			isa = XCBuildConfiguration;
			buildSettings = {
				ALWAYS_SEARCH_USER_PATHS = NO;
				CLANG_ANALYZER_NONNULL = YES;
				CLANG_ANALYZER_NUMBER_OBJECT_CONVERSION = YES_AGGRESSIVE;
				CLANG_CXX_LANGUAGE_STANDARD = "gnu++14";
				CLANG_CXX_LIBRARY = "libc++";
				CLANG_ENABLE_MODULES = YES;
				CLANG_ENABLE_OBJC_ARC = YES;
				CLANG_ENABLE_OBJC_WEAK = YES;
				CLANG_WARN_BLOCK_CAPTURE_AUTORELEASING = YES;
				CLANG_WARN_BOOL_CONVERSION = YES;
				CLANG_WARN_COMMA = YES;
				CLANG_WARN_CONSTANT_CONVERSION = YES;
				CLANG_WARN_DEPRECATED_OBJC_IMPLEMENTATIONS = YES;
				CLANG_WARN_DIRECT_OBJC_ISA_USAGE = YES_ERROR;
				CLANG_WARN_DOCUMENTATION_COMMENTS = YES;
				CLANG_WARN_EMPTY_BODY = YES;
				CLANG_WARN_ENUM_CONVERSION = YES;
				CLANG_WARN_INFINITE_RECURSION = YES;
				CLANG_WARN_INT_CONVERSION = YES;
				CLANG_WARN_NON_LITERAL_NULL_CONVERSION = YES;
				CLANG_WARN_OBJC_IMPLICIT_RETAIN_SELF = YES;
				CLANG_WARN_OBJC_LITERAL_CONVERSION = YES;
				CLANG_WARN_OBJC_ROOT_CLASS = YES_ERROR;
				CLANG_WARN_QUOTED_INCLUDE_IN_FRAMEWORK_HEADER = YES;
				CLANG_WARN_RANGE_LOOP_ANALYSIS = YES;
				CLANG_WARN_STRICT_PROTOTYPES = YES;
				CLANG_WARN_SUSPICIOUS_MOVE = YES;
				CLANG_WARN_UNGUARDED_AVAILABILITY = YES_AGGRESSIVE;
				CLANG_WARN_UNREACHABLE_CODE = YES;
				CLANG_WARN__DUPLICATE_METHOD_MATCH = YES;
				COPY_PHASE_STRIP = NO;
				DEBUG_INFORMATION_FORMAT = dwarf;
				ENABLE_STRICT_OBJC_MSGSEND = YES;
				ENABLE_TESTABILITY = YES;
				GCC_C_LANGUAGE_STANDARD = gnu11;
				GCC_DYNAMIC_NO_PIC = NO;
				GCC_NO_COMMON_BLOCKS = YES;
				GCC_OPTIMIZATION_LEVEL = 0;
				GCC_PREPROCESSOR_DEFINITIONS = (
					"DEBUG=1",
					"$(inherited)",
				);
				GCC_WARN_64_TO_32_BIT_CONVERSION = YES;
				GCC_WARN_ABOUT_RETURN_TYPE = YES_ERROR;
				GCC_WARN_UNDECLARED_SELECTOR = YES;
				GCC_WARN_UNINITIALIZED_AUTOS = YES_AGGRESSIVE;
				GCC_WARN_UNUSED_FUNCTION = YES;
				GCC_WARN_UNUSED_VARIABLE = YES;
				IPHONEOS_DEPLOYMENT_TARGET = 14.0;
				MTL_ENABLE_DEBUG_INFO = INCLUDE_SOURCE;
				MTL_FAST_MATH = YES;
				ONLY_ACTIVE_ARCH = YES;
				SDKROOT = iphoneos;
				SWIFT_ACTIVE_COMPILATION_CONDITIONS = DEBUG;
				SWIFT_OPTIMIZATION_LEVEL = "-Onone";
			};
			name = Debug;
		};
		87BCAC4725961CE40024B133 /* Release */ = {
			isa = XCBuildConfiguration;
			buildSettings = {
				ALWAYS_SEARCH_USER_PATHS = NO;
				CLANG_ANALYZER_NONNULL = YES;
				CLANG_ANALYZER_NUMBER_OBJECT_CONVERSION = YES_AGGRESSIVE;
				CLANG_CXX_LANGUAGE_STANDARD = "gnu++14";
				CLANG_CXX_LIBRARY = "libc++";
				CLANG_ENABLE_MODULES = YES;
				CLANG_ENABLE_OBJC_ARC = YES;
				CLANG_ENABLE_OBJC_WEAK = YES;
				CLANG_WARN_BLOCK_CAPTURE_AUTORELEASING = YES;
				CLANG_WARN_BOOL_CONVERSION = YES;
				CLANG_WARN_COMMA = YES;
				CLANG_WARN_CONSTANT_CONVERSION = YES;
				CLANG_WARN_DEPRECATED_OBJC_IMPLEMENTATIONS = YES;
				CLANG_WARN_DIRECT_OBJC_ISA_USAGE = YES_ERROR;
				CLANG_WARN_DOCUMENTATION_COMMENTS = YES;
				CLANG_WARN_EMPTY_BODY = YES;
				CLANG_WARN_ENUM_CONVERSION = YES;
				CLANG_WARN_INFINITE_RECURSION = YES;
				CLANG_WARN_INT_CONVERSION = YES;
				CLANG_WARN_NON_LITERAL_NULL_CONVERSION = YES;
				CLANG_WARN_OBJC_IMPLICIT_RETAIN_SELF = YES;
				CLANG_WARN_OBJC_LITERAL_CONVERSION = YES;
				CLANG_WARN_OBJC_ROOT_CLASS = YES_ERROR;
				CLANG_WARN_QUOTED_INCLUDE_IN_FRAMEWORK_HEADER = YES;
				CLANG_WARN_RANGE_LOOP_ANALYSIS = YES;
				CLANG_WARN_STRICT_PROTOTYPES = YES;
				CLANG_WARN_SUSPICIOUS_MOVE = YES;
				CLANG_WARN_UNGUARDED_AVAILABILITY = YES_AGGRESSIVE;
				CLANG_WARN_UNREACHABLE_CODE = YES;
				CLANG_WARN__DUPLICATE_METHOD_MATCH = YES;
				COPY_PHASE_STRIP = NO;
				DEBUG_INFORMATION_FORMAT = "dwarf-with-dsym";
				ENABLE_NS_ASSERTIONS = NO;
				ENABLE_STRICT_OBJC_MSGSEND = YES;
				GCC_C_LANGUAGE_STANDARD = gnu11;
				GCC_NO_COMMON_BLOCKS = YES;
				GCC_WARN_64_TO_32_BIT_CONVERSION = YES;
				GCC_WARN_ABOUT_RETURN_TYPE = YES_ERROR;
				GCC_WARN_UNDECLARED_SELECTOR = YES;
				GCC_WARN_UNINITIALIZED_AUTOS = YES_AGGRESSIVE;
				GCC_WARN_UNUSED_FUNCTION = YES;
				GCC_WARN_UNUSED_VARIABLE = YES;
				IPHONEOS_DEPLOYMENT_TARGET = 14.0;
				MTL_ENABLE_DEBUG_INFO = NO;
				MTL_FAST_MATH = YES;
				SDKROOT = iphoneos;
				SWIFT_COMPILATION_MODE = wholemodule;
				SWIFT_OPTIMIZATION_LEVEL = "-O";
				VALIDATE_PRODUCT = YES;
			};
			name = Release;
		};
		87BCAC4925961CE40024B133 /* Debug */ = {
			isa = XCBuildConfiguration;
			buildSettings = {
				ASSETCATALOG_COMPILER_APPICON_NAME = AppIcon;
				ASSETCATALOG_COMPILER_GLOBAL_ACCENT_COLOR_NAME = AccentColor;
				CODE_SIGN_STYLE = Automatic;
				DEVELOPMENT_TEAM = 3D2W27ZXUB;
				INFOPLIST_FILE = WeatherApplication/Info.plist;
				LD_RUNPATH_SEARCH_PATHS = (
					"$(inherited)",
					"@executable_path/Frameworks",
				);
				PRODUCT_BUNDLE_IDENTIFIER = Narek.WeatherApplication;
				PRODUCT_NAME = "$(TARGET_NAME)";
				SWIFT_VERSION = 5.0;
				TARGETED_DEVICE_FAMILY = "1,2";
			};
			name = Debug;
		};
		87BCAC4A25961CE40024B133 /* Release */ = {
			isa = XCBuildConfiguration;
			buildSettings = {
				ASSETCATALOG_COMPILER_APPICON_NAME = AppIcon;
				ASSETCATALOG_COMPILER_GLOBAL_ACCENT_COLOR_NAME = AccentColor;
				CODE_SIGN_STYLE = Automatic;
				DEVELOPMENT_TEAM = 3D2W27ZXUB;
				INFOPLIST_FILE = WeatherApplication/Info.plist;
				LD_RUNPATH_SEARCH_PATHS = (
					"$(inherited)",
					"@executable_path/Frameworks",
				);
				PRODUCT_BUNDLE_IDENTIFIER = Narek.WeatherApplication;
				PRODUCT_NAME = "$(TARGET_NAME)";
				SWIFT_VERSION = 5.0;
				TARGETED_DEVICE_FAMILY = "1,2";
			};
			name = Release;
		};
		87BCAC4C25961CE40024B133 /* Debug */ = {
			isa = XCBuildConfiguration;
			buildSettings = {
				ALWAYS_EMBED_SWIFT_STANDARD_LIBRARIES = YES;
				BUNDLE_LOADER = "$(TEST_HOST)";
				CODE_SIGN_STYLE = Automatic;
				DEVELOPMENT_TEAM = 3D2W27ZXUB;
				INFOPLIST_FILE = WeatherApplicationTests/Info.plist;
				IPHONEOS_DEPLOYMENT_TARGET = 14.0;
				LD_RUNPATH_SEARCH_PATHS = (
					"$(inherited)",
					"@executable_path/Frameworks",
					"@loader_path/Frameworks",
				);
				PRODUCT_BUNDLE_IDENTIFIER = Narek.WeatherApplicationTests;
				PRODUCT_NAME = "$(TARGET_NAME)";
				SWIFT_VERSION = 5.0;
				TARGETED_DEVICE_FAMILY = "1,2";
				TEST_HOST = "$(BUILT_PRODUCTS_DIR)/WeatherApplication.app/WeatherApplication";
			};
			name = Debug;
		};
		87BCAC4D25961CE40024B133 /* Release */ = {
			isa = XCBuildConfiguration;
			buildSettings = {
				ALWAYS_EMBED_SWIFT_STANDARD_LIBRARIES = YES;
				BUNDLE_LOADER = "$(TEST_HOST)";
				CODE_SIGN_STYLE = Automatic;
				DEVELOPMENT_TEAM = 3D2W27ZXUB;
				INFOPLIST_FILE = WeatherApplicationTests/Info.plist;
				IPHONEOS_DEPLOYMENT_TARGET = 14.0;
				LD_RUNPATH_SEARCH_PATHS = (
					"$(inherited)",
					"@executable_path/Frameworks",
					"@loader_path/Frameworks",
				);
				PRODUCT_BUNDLE_IDENTIFIER = Narek.WeatherApplicationTests;
				PRODUCT_NAME = "$(TARGET_NAME)";
				SWIFT_VERSION = 5.0;
				TARGETED_DEVICE_FAMILY = "1,2";
				TEST_HOST = "$(BUILT_PRODUCTS_DIR)/WeatherApplication.app/WeatherApplication";
			};
			name = Release;
		};
		87BCAC4F25961CE40024B133 /* Debug */ = {
			isa = XCBuildConfiguration;
			buildSettings = {
				ALWAYS_EMBED_SWIFT_STANDARD_LIBRARIES = YES;
				CODE_SIGN_STYLE = Automatic;
				DEVELOPMENT_TEAM = 3D2W27ZXUB;
				INFOPLIST_FILE = WeatherApplicationUITests/Info.plist;
				LD_RUNPATH_SEARCH_PATHS = (
					"$(inherited)",
					"@executable_path/Frameworks",
					"@loader_path/Frameworks",
				);
				PRODUCT_BUNDLE_IDENTIFIER = Narek.WeatherApplicationUITests;
				PRODUCT_NAME = "$(TARGET_NAME)";
				SWIFT_VERSION = 5.0;
				TARGETED_DEVICE_FAMILY = "1,2";
				TEST_TARGET_NAME = WeatherApplication;
			};
			name = Debug;
		};
		87BCAC5025961CE40024B133 /* Release */ = {
			isa = XCBuildConfiguration;
			buildSettings = {
				ALWAYS_EMBED_SWIFT_STANDARD_LIBRARIES = YES;
				CODE_SIGN_STYLE = Automatic;
				DEVELOPMENT_TEAM = 3D2W27ZXUB;
				INFOPLIST_FILE = WeatherApplicationUITests/Info.plist;
				LD_RUNPATH_SEARCH_PATHS = (
					"$(inherited)",
					"@executable_path/Frameworks",
					"@loader_path/Frameworks",
				);
				PRODUCT_BUNDLE_IDENTIFIER = Narek.WeatherApplicationUITests;
				PRODUCT_NAME = "$(TARGET_NAME)";
				SWIFT_VERSION = 5.0;
				TARGETED_DEVICE_FAMILY = "1,2";
				TEST_TARGET_NAME = WeatherApplication;
			};
			name = Release;
		};
/* End XCBuildConfiguration section */

/* Begin XCConfigurationList section */
		87BCAC1925961CE30024B133 /* Build configuration list for PBXProject "WeatherApplication" */ = {
			isa = XCConfigurationList;
			buildConfigurations = (
				87BCAC4625961CE40024B133 /* Debug */,
				87BCAC4725961CE40024B133 /* Release */,
			);
			defaultConfigurationIsVisible = 0;
			defaultConfigurationName = Release;
		};
		87BCAC4825961CE40024B133 /* Build configuration list for PBXNativeTarget "WeatherApplication" */ = {
			isa = XCConfigurationList;
			buildConfigurations = (
				87BCAC4925961CE40024B133 /* Debug */,
				87BCAC4A25961CE40024B133 /* Release */,
			);
			defaultConfigurationIsVisible = 0;
			defaultConfigurationName = Release;
		};
		87BCAC4B25961CE40024B133 /* Build configuration list for PBXNativeTarget "WeatherApplicationTests" */ = {
			isa = XCConfigurationList;
			buildConfigurations = (
				87BCAC4C25961CE40024B133 /* Debug */,
				87BCAC4D25961CE40024B133 /* Release */,
			);
			defaultConfigurationIsVisible = 0;
			defaultConfigurationName = Release;
		};
		87BCAC4E25961CE40024B133 /* Build configuration list for PBXNativeTarget "WeatherApplicationUITests" */ = {
			isa = XCConfigurationList;
			buildConfigurations = (
				87BCAC4F25961CE40024B133 /* Debug */,
				87BCAC5025961CE40024B133 /* Release */,
			);
			defaultConfigurationIsVisible = 0;
			defaultConfigurationName = Release;
		};
/* End XCConfigurationList section */
	};
	rootObject = 87BCAC1625961CE30024B133 /* Project object */;
}
